
Microsoft Visual Studio Solution File, Format Version 12.00
# Visual Studio Version 17
VisualStudioVersion = 17.10.35027.167
MinimumVisualStudioVersion = 10.0.40219.1
Project("{FAE04EC0-301F-11D3-BF4B-00C04F79EFBC}") = "MiniETicaret.Products.WebAPI", "MiniETicaret.Products.WebAPI.csproj", "{29096B9C-BBA7-4F8D-98A7-E947F9D0996A}"
EndProject
Global
	GlobalSection(SolutionConfigurationPlatforms) = preSolution
		Debug|Any CPU = Debug|Any CPU
		Release|Any CPU = Release|Any CPU
	EndGlobalSection
	GlobalSection(ProjectConfigurationPlatforms) = postSolution
		{29096B9C-BBA7-4F8D-98A7-E947F9D0996A}.Debug|Any CPU.ActiveCfg = Debug|Any CPU
		{29096B9C-BBA7-4F8D-98A7-E947F9D0996A}.Debug|Any CPU.Build.0 = Debug|Any CPU
		{29096B9C-BBA7-4F8D-98A7-E947F9D0996A}.Release|Any CPU.ActiveCfg = Release|Any CPU
		{29096B9C-BBA7-4F8D-98A7-E947F9D0996A}.Release|Any CPU.Build.0 = Release|Any CPU
	EndGlobalSection
	GlobalSection(SolutionProperties) = preSolution
		HideSolutionNode = FALSE
	EndGlobalSection
	GlobalSection(ExtensibilityGlobals) = postSolution
		SolutionGuid = {FDA3B46C-5F2F-4786-8ADD-8383D728A2C7}
	EndGlobalSection
EndGlobal
