
Microsoft Visual Studio Solution File, Format Version 12.00
# Visual Studio Version 17
VisualStudioVersion = 17.10.35027.167
MinimumVisualStudioVersion = 10.0.40219.1
Project("{FAE04EC0-301F-11D3-BF4B-00C04F79EFBC}") = "MiniETicaret.ShoppingCarts.WebAPI", "MiniETicaret.ShoppingCarts.WebAPI.csproj", "{3E58D4FB-BFF9-4148-A3EF-743A69C3CCF0}"
EndProject
Global
	GlobalSection(SolutionConfigurationPlatforms) = preSolution
		Debug|Any CPU = Debug|Any CPU
		Release|Any CPU = Release|Any CPU
	EndGlobalSection
	GlobalSection(ProjectConfigurationPlatforms) = postSolution
		{3E58D4FB-BFF9-4148-A3EF-743A69C3CCF0}.Debug|Any CPU.ActiveCfg = Debug|Any CPU
		{3E58D4FB-BFF9-4148-A3EF-743A69C3CCF0}.Debug|Any CPU.Build.0 = Debug|Any CPU
		{3E58D4FB-BFF9-4148-A3EF-743A69C3CCF0}.Release|Any CPU.ActiveCfg = Release|Any CPU
		{3E58D4FB-BFF9-4148-A3EF-743A69C3CCF0}.Release|Any CPU.Build.0 = Release|Any CPU
	EndGlobalSection
	GlobalSection(SolutionProperties) = preSolution
		HideSolutionNode = FALSE
	EndGlobalSection
	GlobalSection(ExtensibilityGlobals) = postSolution
		SolutionGuid = {5300AC2F-6C2D-4B5D-B25B-C09C7AF54531}
	EndGlobalSection
EndGlobal
